
Microsoft Visual Studio Solution File, Format Version 12.00
# Visual Studio Version 17
VisualStudioVersion = 17.13.35806.99
MinimumVisualStudioVersion = 10.0.40219.1
Project("{FAE04EC0-301F-11D3-BF4B-00C04F79EFBC}") = "Arrays", "Arrays\Arrays.csproj", "{9F1E9DD8-0424-4CA1-A37B-6669262F5662}"
EndProject
Project("{FAE04EC0-301F-11D3-BF4B-00C04F79EFBC}") = "ClasseArray-Metodos", "ClasseArray-Metodos\ClasseArray-Metodos.csproj", "{2D5513FD-6153-4433-98BA-9967874BD119}"
EndProject
Project("{FAE04EC0-301F-11D3-BF4B-00C04F79EFBC}") = "Exercicio-Arrays", "Exercicio-Arrays\Exercicio-Arrays.csproj", "{0FE90332-5879-4F6A-8A78-0F82C78B6923}"
EndProject
Project("{FAE04EC0-301F-11D3-BF4B-00C04F79EFBC}") = "ArrayBidimensionais", "ArrayBidimensionais\ArrayBidimensionais.csproj", "{640BD5F3-A997-4883-A9B6-3980D3182162}"
EndProject
Project("{FAE04EC0-301F-11D3-BF4B-00C04F79EFBC}") = "Modificador-Parametros", "Modificador-Parametros\Modificador-Parametros.csproj", "{AE51C09E-4D32-46C2-9683-78DFC37DCA13}"
EndProject
Project("{FAE04EC0-301F-11D3-BF4B-00C04F79EFBC}") = "Exercicio-ArrayBidimensionais", "Exercicio-ArrayBidimensionais\Exercicio-ArrayBidimensionais.csproj", "{B094261D-01EB-49C8-AF3D-F0B33B4F4E52}"
EndProject
Project("{FAE04EC0-301F-11D3-BF4B-00C04F79EFBC}") = "ArrayList - Parte 1", "ArrayList\ArrayList - Parte 1.csproj", "{57397289-2FD3-4D0B-89CC-C06047B24FFC}"
EndProject
Project("{FAE04EC0-301F-11D3-BF4B-00C04F79EFBC}") = "ArrayList - Parte 2", "ArrayList - Parte 2\ArrayList - Parte 2.csproj", "{1C14DA67-E0B3-40F9-9705-481EDDD97312}"
EndProject
Project("{FAE04EC0-301F-11D3-BF4B-00C04F79EFBC}") = "ArrayList - Parte 3", "ArrayList - Parte 3\ArrayList - Parte 3.csproj", "{FDEFE386-8CBB-4DBC-9377-48F2F6689C93}"
EndProject
Project("{FAE04EC0-301F-11D3-BF4B-00C04F79EFBC}") = "ArrayList - Parte 4", "ArrayList - Parte 4\ArrayList - Parte 4.csproj", "{13E16F83-43C7-4761-8AB2-FF61AD9CC76F}"
EndProject
Project("{FAE04EC0-301F-11D3-BF4B-00C04F79EFBC}") = "List - Parte 1", "List - Parte 1\List - Parte 1.csproj", "{82C9D989-1428-4181-AE29-598BE290A58C}"
EndProject
Project("{FAE04EC0-301F-11D3-BF4B-00C04F79EFBC}") = "List - Parte 2", "List - Parte 2\List - Parte 2.csproj", "{9916E871-39FE-4296-AFF6-61247B14D0D5}"
EndProject
Global
	GlobalSection(SolutionConfigurationPlatforms) = preSolution
		Debug|Any CPU = Debug|Any CPU
		Release|Any CPU = Release|Any CPU
	EndGlobalSection
	GlobalSection(ProjectConfigurationPlatforms) = postSolution
		{9F1E9DD8-0424-4CA1-A37B-6669262F5662}.Debug|Any CPU.ActiveCfg = Debug|Any CPU
		{9F1E9DD8-0424-4CA1-A37B-6669262F5662}.Debug|Any CPU.Build.0 = Debug|Any CPU
		{9F1E9DD8-0424-4CA1-A37B-6669262F5662}.Release|Any CPU.ActiveCfg = Release|Any CPU
		{9F1E9DD8-0424-4CA1-A37B-6669262F5662}.Release|Any CPU.Build.0 = Release|Any CPU
		{2D5513FD-6153-4433-98BA-9967874BD119}.Debug|Any CPU.ActiveCfg = Debug|Any CPU
		{2D5513FD-6153-4433-98BA-9967874BD119}.Debug|Any CPU.Build.0 = Debug|Any CPU
		{2D5513FD-6153-4433-98BA-9967874BD119}.Release|Any CPU.ActiveCfg = Release|Any CPU
		{2D5513FD-6153-4433-98BA-9967874BD119}.Release|Any CPU.Build.0 = Release|Any CPU
		{0FE90332-5879-4F6A-8A78-0F82C78B6923}.Debug|Any CPU.ActiveCfg = Debug|Any CPU
		{0FE90332-5879-4F6A-8A78-0F82C78B6923}.Debug|Any CPU.Build.0 = Debug|Any CPU
		{0FE90332-5879-4F6A-8A78-0F82C78B6923}.Release|Any CPU.ActiveCfg = Release|Any CPU
		{0FE90332-5879-4F6A-8A78-0F82C78B6923}.Release|Any CPU.Build.0 = Release|Any CPU
		{640BD5F3-A997-4883-A9B6-3980D3182162}.Debug|Any CPU.ActiveCfg = Debug|Any CPU
		{640BD5F3-A997-4883-A9B6-3980D3182162}.Debug|Any CPU.Build.0 = Debug|Any CPU
		{640BD5F3-A997-4883-A9B6-3980D3182162}.Release|Any CPU.ActiveCfg = Release|Any CPU
		{640BD5F3-A997-4883-A9B6-3980D3182162}.Release|Any CPU.Build.0 = Release|Any CPU
		{AE51C09E-4D32-46C2-9683-78DFC37DCA13}.Debug|Any CPU.ActiveCfg = Debug|Any CPU
		{AE51C09E-4D32-46C2-9683-78DFC37DCA13}.Debug|Any CPU.Build.0 = Debug|Any CPU
		{AE51C09E-4D32-46C2-9683-78DFC37DCA13}.Release|Any CPU.ActiveCfg = Release|Any CPU
		{AE51C09E-4D32-46C2-9683-78DFC37DCA13}.Release|Any CPU.Build.0 = Release|Any CPU
		{B094261D-01EB-49C8-AF3D-F0B33B4F4E52}.Debug|Any CPU.ActiveCfg = Debug|Any CPU
		{B094261D-01EB-49C8-AF3D-F0B33B4F4E52}.Debug|Any CPU.Build.0 = Debug|Any CPU
		{B094261D-01EB-49C8-AF3D-F0B33B4F4E52}.Release|Any CPU.ActiveCfg = Release|Any CPU
		{B094261D-01EB-49C8-AF3D-F0B33B4F4E52}.Release|Any CPU.Build.0 = Release|Any CPU
		{57397289-2FD3-4D0B-89CC-C06047B24FFC}.Debug|Any CPU.ActiveCfg = Debug|Any CPU
		{57397289-2FD3-4D0B-89CC-C06047B24FFC}.Debug|Any CPU.Build.0 = Debug|Any CPU
		{57397289-2FD3-4D0B-89CC-C06047B24FFC}.Release|Any CPU.ActiveCfg = Release|Any CPU
		{57397289-2FD3-4D0B-89CC-C06047B24FFC}.Release|Any CPU.Build.0 = Release|Any CPU
		{1C14DA67-E0B3-40F9-9705-481EDDD97312}.Debug|Any CPU.ActiveCfg = Debug|Any CPU
		{1C14DA67-E0B3-40F9-9705-481EDDD97312}.Debug|Any CPU.Build.0 = Debug|Any CPU
		{1C14DA67-E0B3-40F9-9705-481EDDD97312}.Release|Any CPU.ActiveCfg = Release|Any CPU
		{1C14DA67-E0B3-40F9-9705-481EDDD97312}.Release|Any CPU.Build.0 = Release|Any CPU
		{FDEFE386-8CBB-4DBC-9377-48F2F6689C93}.Debug|Any CPU.ActiveCfg = Debug|Any CPU
		{FDEFE386-8CBB-4DBC-9377-48F2F6689C93}.Debug|Any CPU.Build.0 = Debug|Any CPU
		{FDEFE386-8CBB-4DBC-9377-48F2F6689C93}.Release|Any CPU.ActiveCfg = Release|Any CPU
		{FDEFE386-8CBB-4DBC-9377-48F2F6689C93}.Release|Any CPU.Build.0 = Release|Any CPU
		{13E16F83-43C7-4761-8AB2-FF61AD9CC76F}.Debug|Any CPU.ActiveCfg = Debug|Any CPU
		{13E16F83-43C7-4761-8AB2-FF61AD9CC76F}.Debug|Any CPU.Build.0 = Debug|Any CPU
		{13E16F83-43C7-4761-8AB2-FF61AD9CC76F}.Release|Any CPU.ActiveCfg = Release|Any CPU
		{13E16F83-43C7-4761-8AB2-FF61AD9CC76F}.Release|Any CPU.Build.0 = Release|Any CPU
		{82C9D989-1428-4181-AE29-598BE290A58C}.Debug|Any CPU.ActiveCfg = Debug|Any CPU
		{82C9D989-1428-4181-AE29-598BE290A58C}.Debug|Any CPU.Build.0 = Debug|Any CPU
		{82C9D989-1428-4181-AE29-598BE290A58C}.Release|Any CPU.ActiveCfg = Release|Any CPU
		{82C9D989-1428-4181-AE29-598BE290A58C}.Release|Any CPU.Build.0 = Release|Any CPU
		{9916E871-39FE-4296-AFF6-61247B14D0D5}.Debug|Any CPU.ActiveCfg = Debug|Any CPU
		{9916E871-39FE-4296-AFF6-61247B14D0D5}.Debug|Any CPU.Build.0 = Debug|Any CPU
		{9916E871-39FE-4296-AFF6-61247B14D0D5}.Release|Any CPU.ActiveCfg = Release|Any CPU
		{9916E871-39FE-4296-AFF6-61247B14D0D5}.Release|Any CPU.Build.0 = Release|Any CPU
	EndGlobalSection
	GlobalSection(SolutionProperties) = preSolution
		HideSolutionNode = FALSE
	EndGlobalSection
	GlobalSection(ExtensibilityGlobals) = postSolution
		SolutionGuid = {75B22D90-DE81-4AC3-8DEF-916A878AB65C}
	EndGlobalSection
EndGlobal
