
Microsoft Visual Studio Solution File, Format Version 12.00
# Visual Studio Version 17
VisualStudioVersion = 17.12.35707.178
MinimumVisualStudioVersion = 10.0.40219.1
Project("{FAE04EC0-301F-11D3-BF4B-00C04F79EFBC}") = "TiposDeDados1", "TiposDeDados1\TiposDeDados1.csproj", "{25B20ACE-A352-4967-B975-095041F032B3}"
EndProject
Project("{FAE04EC0-301F-11D3-BF4B-00C04F79EFBC}") = "TipoDeDados2", "TipoDeDados2\TipoDeDados2.csproj", "{C01594EC-3D06-4739-8EF1-3F9E03F125CD}"
EndProject
Project("{FAE04EC0-301F-11D3-BF4B-00C04F79EFBC}") = "TiposDeDados3", "TiposDeDados3\TiposDeDados3.csproj", "{23DC974F-29D0-46E2-8EE9-ADBC6DE07851}"
EndProject
Project("{FAE04EC0-301F-11D3-BF4B-00C04F79EFBC}") = "TiposDeDados4", "TiposDeDados4\TiposDeDados4.csproj", "{8B754E11-AD90-44DC-A287-568651BA5E55}"
EndProject
Project("{FAE04EC0-301F-11D3-BF4B-00C04F79EFBC}") = "TipoDateTime1", "TipoDateTime1\TipoDateTime1.csproj", "{D4722430-9C98-4967-A955-97FFFFB48124}"
EndProject
Project("{FAE04EC0-301F-11D3-BF4B-00C04F79EFBC}") = "NullableTypes", "NullableTypes\NullableTypes.csproj", "{8CC367F1-E159-40C8-BA51-759A41416D6B}"
EndProject
Project("{FAE04EC0-301F-11D3-BF4B-00C04F79EFBC}") = "Identificadores", "Identificadores\Identificadores.csproj", "{EE449CD7-2F5E-45F2-958D-9A8033230E74}"
EndProject
Project("{FAE04EC0-301F-11D3-BF4B-00C04F79EFBC}") = "SaidaDeDados", "SaidaDeDados\SaidaDeDados.csproj", "{1B9D9660-F84F-48B7-A164-1E14C75B474F}"
EndProject
Project("{FAE04EC0-301F-11D3-BF4B-00C04F79EFBC}") = "SaidaDeDados2", "SaidaDeDados2\SaidaDeDados2.csproj", "{A29CE05D-0F54-4D98-B61E-67DCFCCA4B7D}"
EndProject
Project("{FAE04EC0-301F-11D3-BF4B-00C04F79EFBC}") = "ConversaoDeTipos", "ConversaoDeTipos\ConversaoDeTipos.csproj", "{98933A48-655A-49D6-A794-9176EF8AD48B}"
EndProject
Project("{FAE04EC0-301F-11D3-BF4B-00C04F79EFBC}") = "ConversaoDeTipos2", "ConversaoDeTipos2\ConversaoDeTipos2.csproj", "{A0FB104D-1A96-4CF4-BBFF-E859122B5AF1}"
EndProject
Project("{FAE04EC0-301F-11D3-BF4B-00C04F79EFBC}") = "EntradaDeDados", "EntradaDeDados\EntradaDeDados.csproj", "{D07168B8-3514-4C19-9D68-A53AF63F778F}"
EndProject
Project("{FAE04EC0-301F-11D3-BF4B-00C04F79EFBC}") = "OperadoresAritmeticos", "OperadoresAritmeticos\OperadoresAritmeticos.csproj", "{2BDC0DA0-06B8-4CED-AD37-7556EA42C4CE}"
EndProject
Global
	GlobalSection(SolutionConfigurationPlatforms) = preSolution
		Debug|Any CPU = Debug|Any CPU
		Release|Any CPU = Release|Any CPU
	EndGlobalSection
	GlobalSection(ProjectConfigurationPlatforms) = postSolution
		{25B20ACE-A352-4967-B975-095041F032B3}.Debug|Any CPU.ActiveCfg = Debug|Any CPU
		{25B20ACE-A352-4967-B975-095041F032B3}.Debug|Any CPU.Build.0 = Debug|Any CPU
		{25B20ACE-A352-4967-B975-095041F032B3}.Release|Any CPU.ActiveCfg = Release|Any CPU
		{25B20ACE-A352-4967-B975-095041F032B3}.Release|Any CPU.Build.0 = Release|Any CPU
		{C01594EC-3D06-4739-8EF1-3F9E03F125CD}.Debug|Any CPU.ActiveCfg = Debug|Any CPU
		{C01594EC-3D06-4739-8EF1-3F9E03F125CD}.Debug|Any CPU.Build.0 = Debug|Any CPU
		{C01594EC-3D06-4739-8EF1-3F9E03F125CD}.Release|Any CPU.ActiveCfg = Release|Any CPU
		{C01594EC-3D06-4739-8EF1-3F9E03F125CD}.Release|Any CPU.Build.0 = Release|Any CPU
		{23DC974F-29D0-46E2-8EE9-ADBC6DE07851}.Debug|Any CPU.ActiveCfg = Debug|Any CPU
		{23DC974F-29D0-46E2-8EE9-ADBC6DE07851}.Debug|Any CPU.Build.0 = Debug|Any CPU
		{23DC974F-29D0-46E2-8EE9-ADBC6DE07851}.Release|Any CPU.ActiveCfg = Release|Any CPU
		{23DC974F-29D0-46E2-8EE9-ADBC6DE07851}.Release|Any CPU.Build.0 = Release|Any CPU
		{8B754E11-AD90-44DC-A287-568651BA5E55}.Debug|Any CPU.ActiveCfg = Debug|Any CPU
		{8B754E11-AD90-44DC-A287-568651BA5E55}.Debug|Any CPU.Build.0 = Debug|Any CPU
		{8B754E11-AD90-44DC-A287-568651BA5E55}.Release|Any CPU.ActiveCfg = Release|Any CPU
		{8B754E11-AD90-44DC-A287-568651BA5E55}.Release|Any CPU.Build.0 = Release|Any CPU
		{D4722430-9C98-4967-A955-97FFFFB48124}.Debug|Any CPU.ActiveCfg = Debug|Any CPU
		{D4722430-9C98-4967-A955-97FFFFB48124}.Debug|Any CPU.Build.0 = Debug|Any CPU
		{D4722430-9C98-4967-A955-97FFFFB48124}.Release|Any CPU.ActiveCfg = Release|Any CPU
		{D4722430-9C98-4967-A955-97FFFFB48124}.Release|Any CPU.Build.0 = Release|Any CPU
		{8CC367F1-E159-40C8-BA51-759A41416D6B}.Debug|Any CPU.ActiveCfg = Debug|Any CPU
		{8CC367F1-E159-40C8-BA51-759A41416D6B}.Debug|Any CPU.Build.0 = Debug|Any CPU
		{8CC367F1-E159-40C8-BA51-759A41416D6B}.Release|Any CPU.ActiveCfg = Release|Any CPU
		{8CC367F1-E159-40C8-BA51-759A41416D6B}.Release|Any CPU.Build.0 = Release|Any CPU
		{EE449CD7-2F5E-45F2-958D-9A8033230E74}.Debug|Any CPU.ActiveCfg = Debug|Any CPU
		{EE449CD7-2F5E-45F2-958D-9A8033230E74}.Debug|Any CPU.Build.0 = Debug|Any CPU
		{EE449CD7-2F5E-45F2-958D-9A8033230E74}.Release|Any CPU.ActiveCfg = Release|Any CPU
		{EE449CD7-2F5E-45F2-958D-9A8033230E74}.Release|Any CPU.Build.0 = Release|Any CPU
		{1B9D9660-F84F-48B7-A164-1E14C75B474F}.Debug|Any CPU.ActiveCfg = Debug|Any CPU
		{1B9D9660-F84F-48B7-A164-1E14C75B474F}.Debug|Any CPU.Build.0 = Debug|Any CPU
		{1B9D9660-F84F-48B7-A164-1E14C75B474F}.Release|Any CPU.ActiveCfg = Release|Any CPU
		{1B9D9660-F84F-48B7-A164-1E14C75B474F}.Release|Any CPU.Build.0 = Release|Any CPU
		{A29CE05D-0F54-4D98-B61E-67DCFCCA4B7D}.Debug|Any CPU.ActiveCfg = Debug|Any CPU
		{A29CE05D-0F54-4D98-B61E-67DCFCCA4B7D}.Debug|Any CPU.Build.0 = Debug|Any CPU
		{A29CE05D-0F54-4D98-B61E-67DCFCCA4B7D}.Release|Any CPU.ActiveCfg = Release|Any CPU
		{A29CE05D-0F54-4D98-B61E-67DCFCCA4B7D}.Release|Any CPU.Build.0 = Release|Any CPU
		{98933A48-655A-49D6-A794-9176EF8AD48B}.Debug|Any CPU.ActiveCfg = Debug|Any CPU
		{98933A48-655A-49D6-A794-9176EF8AD48B}.Debug|Any CPU.Build.0 = Debug|Any CPU
		{98933A48-655A-49D6-A794-9176EF8AD48B}.Release|Any CPU.ActiveCfg = Release|Any CPU
		{98933A48-655A-49D6-A794-9176EF8AD48B}.Release|Any CPU.Build.0 = Release|Any CPU
		{A0FB104D-1A96-4CF4-BBFF-E859122B5AF1}.Debug|Any CPU.ActiveCfg = Debug|Any CPU
		{A0FB104D-1A96-4CF4-BBFF-E859122B5AF1}.Debug|Any CPU.Build.0 = Debug|Any CPU
		{A0FB104D-1A96-4CF4-BBFF-E859122B5AF1}.Release|Any CPU.ActiveCfg = Release|Any CPU
		{A0FB104D-1A96-4CF4-BBFF-E859122B5AF1}.Release|Any CPU.Build.0 = Release|Any CPU
		{D07168B8-3514-4C19-9D68-A53AF63F778F}.Debug|Any CPU.ActiveCfg = Debug|Any CPU
		{D07168B8-3514-4C19-9D68-A53AF63F778F}.Debug|Any CPU.Build.0 = Debug|Any CPU
		{D07168B8-3514-4C19-9D68-A53AF63F778F}.Release|Any CPU.ActiveCfg = Release|Any CPU
		{D07168B8-3514-4C19-9D68-A53AF63F778F}.Release|Any CPU.Build.0 = Release|Any CPU
		{2BDC0DA0-06B8-4CED-AD37-7556EA42C4CE}.Debug|Any CPU.ActiveCfg = Debug|Any CPU
		{2BDC0DA0-06B8-4CED-AD37-7556EA42C4CE}.Debug|Any CPU.Build.0 = Debug|Any CPU
		{2BDC0DA0-06B8-4CED-AD37-7556EA42C4CE}.Release|Any CPU.ActiveCfg = Release|Any CPU
		{2BDC0DA0-06B8-4CED-AD37-7556EA42C4CE}.Release|Any CPU.Build.0 = Release|Any CPU
	EndGlobalSection
	GlobalSection(SolutionProperties) = preSolution
		HideSolutionNode = FALSE
	EndGlobalSection
EndGlobal
