
Microsoft Visual Studio Solution File, Format Version 12.00
# Visual Studio Version 17
VisualStudioVersion = 17.13.35825.156 d17.13
MinimumVisualStudioVersion = 10.0.40219.1
Project("{FAE04EC0-301F-11D3-BF4B-00C04F79EFBC}") = "Programacao Assincrona", "Programacao Assincrona.csproj", "{33E1F8BB-35C5-4533-8CF0-DA7325453633}"
EndProject
Project("{FAE04EC0-301F-11D3-BF4B-00C04F79EFBC}") = "Programacao Sincrona", "..\Programacao Sincrona\Programacao Sincrona.csproj", "{7EFCAB50-E38D-45D8-AF0A-83E5084B090E}"
EndProject
Global
	GlobalSection(SolutionConfigurationPlatforms) = preSolution
		Debug|Any CPU = Debug|Any CPU
		Release|Any CPU = Release|Any CPU
	EndGlobalSection
	GlobalSection(ProjectConfigurationPlatforms) = postSolution
		{33E1F8BB-35C5-4533-8CF0-DA7325453633}.Debug|Any CPU.ActiveCfg = Debug|Any CPU
		{33E1F8BB-35C5-4533-8CF0-DA7325453633}.Debug|Any CPU.Build.0 = Debug|Any CPU
		{33E1F8BB-35C5-4533-8CF0-DA7325453633}.Release|Any CPU.ActiveCfg = Release|Any CPU
		{33E1F8BB-35C5-4533-8CF0-DA7325453633}.Release|Any CPU.Build.0 = Release|Any CPU
		{7EFCAB50-E38D-45D8-AF0A-83E5084B090E}.Debug|Any CPU.ActiveCfg = Debug|Any CPU
		{7EFCAB50-E38D-45D8-AF0A-83E5084B090E}.Debug|Any CPU.Build.0 = Debug|Any CPU
		{7EFCAB50-E38D-45D8-AF0A-83E5084B090E}.Release|Any CPU.ActiveCfg = Release|Any CPU
		{7EFCAB50-E38D-45D8-AF0A-83E5084B090E}.Release|Any CPU.Build.0 = Release|Any CPU
	EndGlobalSection
	GlobalSection(SolutionProperties) = preSolution
		HideSolutionNode = FALSE
	EndGlobalSection
	GlobalSection(ExtensibilityGlobals) = postSolution
		SolutionGuid = {47FC77D8-671B-47A0-BEBF-EAAE894D5925}
	EndGlobalSection
EndGlobal
