
Microsoft Visual Studio Solution File, Format Version 12.00
# Visual Studio Version 17
VisualStudioVersion = 17.13.35825.156
MinimumVisualStudioVersion = 10.0.40219.1
Project("{FAE04EC0-301F-11D3-BF4B-00C04F79EFBC}") = "Programacao Assincrona", "Programacao Assincrona.csproj", "{33E1F8BB-35C5-4533-8CF0-DA7325453633}"
EndProject
Project("{FAE04EC0-301F-11D3-BF4B-00C04F79EFBC}") = "Programacao Sincrona", "..\Programacao Sincrona\Programacao Sincrona.csproj", "{7EFCAB50-E38D-45D8-AF0A-83E5084B090E}"
EndProject
Project("{FAE04EC0-301F-11D3-BF4B-00C04F79EFBC}") = "ValueTask", "..\ValueTask\ValueTask.csproj", "{379D3BA7-F6EC-4683-A5DC-C6268F7BF8DE}"
EndProject
Project("{FAE04EC0-301F-11D3-BF4B-00C04F79EFBC}") = "ValueTask T", "..\ValueTask T\ValueTask T.csproj", "{87D0853A-935A-47F7-8092-65E26AF2BD9C}"
EndProject
Project("{FAE04EC0-301F-11D3-BF4B-00C04F79EFBC}") = "Cancelamento de Tarefas", "..\Cancelamento de Tarefas\Cancelamento de Tarefas.csproj", "{6395576F-EA18-4B6C-A5DF-550F973EDC6E}"
EndProject
Project("{FAE04EC0-301F-11D3-BF4B-00C04F79EFBC}") = "Tratamento de Excecoes", "..\Tratamento de Excecoes\Tratamento de Excecoes.csproj", "{E7689A86-FEC7-40A9-BD40-B91BDEE826B8}"
EndProject
Project("{FAE04EC0-301F-11D3-BF4B-00C04F79EFBC}") = "Multiplas Excecoes", "..\Tratamento de Excecoes II\Multiplas Excecoes.csproj", "{C296EC95-2FFB-4C02-931F-63127CFA2D3A}"
EndProject
Project("{FAE04EC0-301F-11D3-BF4B-00C04F79EFBC}") = "Streams Assincronos", "..\Streams Assincronos\Streams Assincronos.csproj", "{AD6152AE-4C10-4844-8D34-1B53395ED718}"
EndProject
Project("{FAE04EC0-301F-11D3-BF4B-00C04F79EFBC}") = "Controlando Threads com Semafotos", "..\Controlando Threads com Semafotos\Controlando Threads com Semafotos.csproj", "{63402668-597A-4544-930B-264FD7D23869}"
EndProject
Global
	GlobalSection(SolutionConfigurationPlatforms) = preSolution
		Debug|Any CPU = Debug|Any CPU
		Release|Any CPU = Release|Any CPU
	EndGlobalSection
	GlobalSection(ProjectConfigurationPlatforms) = postSolution
		{33E1F8BB-35C5-4533-8CF0-DA7325453633}.Debug|Any CPU.ActiveCfg = Debug|Any CPU
		{33E1F8BB-35C5-4533-8CF0-DA7325453633}.Debug|Any CPU.Build.0 = Debug|Any CPU
		{33E1F8BB-35C5-4533-8CF0-DA7325453633}.Release|Any CPU.ActiveCfg = Release|Any CPU
		{33E1F8BB-35C5-4533-8CF0-DA7325453633}.Release|Any CPU.Build.0 = Release|Any CPU
		{7EFCAB50-E38D-45D8-AF0A-83E5084B090E}.Debug|Any CPU.ActiveCfg = Debug|Any CPU
		{7EFCAB50-E38D-45D8-AF0A-83E5084B090E}.Debug|Any CPU.Build.0 = Debug|Any CPU
		{7EFCAB50-E38D-45D8-AF0A-83E5084B090E}.Release|Any CPU.ActiveCfg = Release|Any CPU
		{7EFCAB50-E38D-45D8-AF0A-83E5084B090E}.Release|Any CPU.Build.0 = Release|Any CPU
		{379D3BA7-F6EC-4683-A5DC-C6268F7BF8DE}.Debug|Any CPU.ActiveCfg = Debug|Any CPU
		{379D3BA7-F6EC-4683-A5DC-C6268F7BF8DE}.Debug|Any CPU.Build.0 = Debug|Any CPU
		{379D3BA7-F6EC-4683-A5DC-C6268F7BF8DE}.Release|Any CPU.ActiveCfg = Release|Any CPU
		{379D3BA7-F6EC-4683-A5DC-C6268F7BF8DE}.Release|Any CPU.Build.0 = Release|Any CPU
		{87D0853A-935A-47F7-8092-65E26AF2BD9C}.Debug|Any CPU.ActiveCfg = Debug|Any CPU
		{87D0853A-935A-47F7-8092-65E26AF2BD9C}.Debug|Any CPU.Build.0 = Debug|Any CPU
		{87D0853A-935A-47F7-8092-65E26AF2BD9C}.Release|Any CPU.ActiveCfg = Release|Any CPU
		{87D0853A-935A-47F7-8092-65E26AF2BD9C}.Release|Any CPU.Build.0 = Release|Any CPU
		{6395576F-EA18-4B6C-A5DF-550F973EDC6E}.Debug|Any CPU.ActiveCfg = Debug|Any CPU
		{6395576F-EA18-4B6C-A5DF-550F973EDC6E}.Debug|Any CPU.Build.0 = Debug|Any CPU
		{6395576F-EA18-4B6C-A5DF-550F973EDC6E}.Release|Any CPU.ActiveCfg = Release|Any CPU
		{6395576F-EA18-4B6C-A5DF-550F973EDC6E}.Release|Any CPU.Build.0 = Release|Any CPU
		{E7689A86-FEC7-40A9-BD40-B91BDEE826B8}.Debug|Any CPU.ActiveCfg = Debug|Any CPU
		{E7689A86-FEC7-40A9-BD40-B91BDEE826B8}.Debug|Any CPU.Build.0 = Debug|Any CPU
		{E7689A86-FEC7-40A9-BD40-B91BDEE826B8}.Release|Any CPU.ActiveCfg = Release|Any CPU
		{E7689A86-FEC7-40A9-BD40-B91BDEE826B8}.Release|Any CPU.Build.0 = Release|Any CPU
		{C296EC95-2FFB-4C02-931F-63127CFA2D3A}.Debug|Any CPU.ActiveCfg = Debug|Any CPU
		{C296EC95-2FFB-4C02-931F-63127CFA2D3A}.Debug|Any CPU.Build.0 = Debug|Any CPU
		{C296EC95-2FFB-4C02-931F-63127CFA2D3A}.Release|Any CPU.ActiveCfg = Release|Any CPU
		{C296EC95-2FFB-4C02-931F-63127CFA2D3A}.Release|Any CPU.Build.0 = Release|Any CPU
		{AD6152AE-4C10-4844-8D34-1B53395ED718}.Debug|Any CPU.ActiveCfg = Debug|Any CPU
		{AD6152AE-4C10-4844-8D34-1B53395ED718}.Debug|Any CPU.Build.0 = Debug|Any CPU
		{AD6152AE-4C10-4844-8D34-1B53395ED718}.Release|Any CPU.ActiveCfg = Release|Any CPU
		{AD6152AE-4C10-4844-8D34-1B53395ED718}.Release|Any CPU.Build.0 = Release|Any CPU
		{63402668-597A-4544-930B-264FD7D23869}.Debug|Any CPU.ActiveCfg = Debug|Any CPU
		{63402668-597A-4544-930B-264FD7D23869}.Debug|Any CPU.Build.0 = Debug|Any CPU
		{63402668-597A-4544-930B-264FD7D23869}.Release|Any CPU.ActiveCfg = Release|Any CPU
		{63402668-597A-4544-930B-264FD7D23869}.Release|Any CPU.Build.0 = Release|Any CPU
	EndGlobalSection
	GlobalSection(SolutionProperties) = preSolution
		HideSolutionNode = FALSE
	EndGlobalSection
	GlobalSection(ExtensibilityGlobals) = postSolution
		SolutionGuid = {47FC77D8-671B-47A0-BEBF-EAAE894D5925}
	EndGlobalSection
EndGlobal
