
Microsoft Visual Studio Solution File, Format Version 12.00
# Visual Studio Version 17
VisualStudioVersion = 17.12.35707.178
MinimumVisualStudioVersion = 10.0.40219.1
Project("{FAE04EC0-301F-11D3-BF4B-00C04F79EFBC}") = "ClassesMetodos", "ClassesMetodos\ClassesMetodos.csproj", "{F77770E3-1D88-4C2B-9A0F-45F9E105457F}"
EndProject
Project("{FAE04EC0-301F-11D3-BF4B-00C04F79EFBC}") = "Metodos", "Metodos\Metodos.csproj", "{3C1A9D7F-3ECA-4F9B-BBAB-B4427A4A798B}"
EndProject
Project("{FAE04EC0-301F-11D3-BF4B-00C04F79EFBC}") = "MetodosComParametros", "Metodos-E-Parametros\MetodosComParametros.csproj", "{D1B3B7A7-0CDA-488A-9496-EC5FD97043CD}"
EndProject
Project("{FAE04EC0-301F-11D3-BF4B-00C04F79EFBC}") = "PassandoParametros", "PassandoParametros\PassandoParametros.csproj", "{1BC19A27-23C7-4D9D-A9D0-4DE1E07306C4}"
EndProject
Project("{FAE04EC0-301F-11D3-BF4B-00C04F79EFBC}") = "Construtor", "Construtor\Construtor.csproj", "{DB4F7AC9-A699-4438-ABFE-4303D47373A7}"
EndProject
Project("{FAE04EC0-301F-11D3-BF4B-00C04F79EFBC}") = "PalavraThis", "PalavraThis\PalavraThis.csproj", "{5CB08381-B83F-42AF-B93F-944DA94589D8}"
EndProject
Project("{FAE04EC0-301F-11D3-BF4B-00C04F79EFBC}") = "01.Exercicio", "01.Exercicio\01.Exercicio.csproj", "{2316AB62-0316-4A34-81EC-1455A617A3BB}"
EndProject
Project("{FAE04EC0-301F-11D3-BF4B-00C04F79EFBC}") = "MetodosComRetorno", "MetodosComRetorno\MetodosComRetorno.csproj", "{C06F6B31-6A07-4650-B55B-4961B9CCF858}"
EndProject
Global
	GlobalSection(SolutionConfigurationPlatforms) = preSolution
		Debug|Any CPU = Debug|Any CPU
		Release|Any CPU = Release|Any CPU
	EndGlobalSection
	GlobalSection(ProjectConfigurationPlatforms) = postSolution
		{F77770E3-1D88-4C2B-9A0F-45F9E105457F}.Debug|Any CPU.ActiveCfg = Debug|Any CPU
		{F77770E3-1D88-4C2B-9A0F-45F9E105457F}.Debug|Any CPU.Build.0 = Debug|Any CPU
		{F77770E3-1D88-4C2B-9A0F-45F9E105457F}.Release|Any CPU.ActiveCfg = Release|Any CPU
		{F77770E3-1D88-4C2B-9A0F-45F9E105457F}.Release|Any CPU.Build.0 = Release|Any CPU
		{3C1A9D7F-3ECA-4F9B-BBAB-B4427A4A798B}.Debug|Any CPU.ActiveCfg = Debug|Any CPU
		{3C1A9D7F-3ECA-4F9B-BBAB-B4427A4A798B}.Debug|Any CPU.Build.0 = Debug|Any CPU
		{3C1A9D7F-3ECA-4F9B-BBAB-B4427A4A798B}.Release|Any CPU.ActiveCfg = Release|Any CPU
		{3C1A9D7F-3ECA-4F9B-BBAB-B4427A4A798B}.Release|Any CPU.Build.0 = Release|Any CPU
		{D1B3B7A7-0CDA-488A-9496-EC5FD97043CD}.Debug|Any CPU.ActiveCfg = Debug|Any CPU
		{D1B3B7A7-0CDA-488A-9496-EC5FD97043CD}.Debug|Any CPU.Build.0 = Debug|Any CPU
		{D1B3B7A7-0CDA-488A-9496-EC5FD97043CD}.Release|Any CPU.ActiveCfg = Release|Any CPU
		{D1B3B7A7-0CDA-488A-9496-EC5FD97043CD}.Release|Any CPU.Build.0 = Release|Any CPU
		{1BC19A27-23C7-4D9D-A9D0-4DE1E07306C4}.Debug|Any CPU.ActiveCfg = Debug|Any CPU
		{1BC19A27-23C7-4D9D-A9D0-4DE1E07306C4}.Debug|Any CPU.Build.0 = Debug|Any CPU
		{1BC19A27-23C7-4D9D-A9D0-4DE1E07306C4}.Release|Any CPU.ActiveCfg = Release|Any CPU
		{1BC19A27-23C7-4D9D-A9D0-4DE1E07306C4}.Release|Any CPU.Build.0 = Release|Any CPU
		{DB4F7AC9-A699-4438-ABFE-4303D47373A7}.Debug|Any CPU.ActiveCfg = Debug|Any CPU
		{DB4F7AC9-A699-4438-ABFE-4303D47373A7}.Debug|Any CPU.Build.0 = Debug|Any CPU
		{DB4F7AC9-A699-4438-ABFE-4303D47373A7}.Release|Any CPU.ActiveCfg = Release|Any CPU
		{DB4F7AC9-A699-4438-ABFE-4303D47373A7}.Release|Any CPU.Build.0 = Release|Any CPU
		{5CB08381-B83F-42AF-B93F-944DA94589D8}.Debug|Any CPU.ActiveCfg = Debug|Any CPU
		{5CB08381-B83F-42AF-B93F-944DA94589D8}.Debug|Any CPU.Build.0 = Debug|Any CPU
		{5CB08381-B83F-42AF-B93F-944DA94589D8}.Release|Any CPU.ActiveCfg = Release|Any CPU
		{5CB08381-B83F-42AF-B93F-944DA94589D8}.Release|Any CPU.Build.0 = Release|Any CPU
		{2316AB62-0316-4A34-81EC-1455A617A3BB}.Debug|Any CPU.ActiveCfg = Debug|Any CPU
		{2316AB62-0316-4A34-81EC-1455A617A3BB}.Debug|Any CPU.Build.0 = Debug|Any CPU
		{2316AB62-0316-4A34-81EC-1455A617A3BB}.Release|Any CPU.ActiveCfg = Release|Any CPU
		{2316AB62-0316-4A34-81EC-1455A617A3BB}.Release|Any CPU.Build.0 = Release|Any CPU
		{C06F6B31-6A07-4650-B55B-4961B9CCF858}.Debug|Any CPU.ActiveCfg = Debug|Any CPU
		{C06F6B31-6A07-4650-B55B-4961B9CCF858}.Debug|Any CPU.Build.0 = Debug|Any CPU
		{C06F6B31-6A07-4650-B55B-4961B9CCF858}.Release|Any CPU.ActiveCfg = Release|Any CPU
		{C06F6B31-6A07-4650-B55B-4961B9CCF858}.Release|Any CPU.Build.0 = Release|Any CPU
	EndGlobalSection
	GlobalSection(SolutionProperties) = preSolution
		HideSolutionNode = FALSE
	EndGlobalSection
EndGlobal
