
Microsoft Visual Studio Solution File, Format Version 12.00
# Visual Studio Version 17
VisualStudioVersion = 17.12.35707.178
MinimumVisualStudioVersion = 10.0.40219.1
Project("{FAE04EC0-301F-11D3-BF4B-00C04F79EFBC}") = "ClassesMetodos", "ClassesMetodos\ClassesMetodos.csproj", "{F77770E3-1D88-4C2B-9A0F-45F9E105457F}"
EndProject
Project("{FAE04EC0-301F-11D3-BF4B-00C04F79EFBC}") = "Metodos", "Metodos\Metodos.csproj", "{3C1A9D7F-3ECA-4F9B-BBAB-B4427A4A798B}"
EndProject
Project("{FAE04EC0-301F-11D3-BF4B-00C04F79EFBC}") = "MetodosComParametros", "Metodos-E-Parametros\MetodosComParametros.csproj", "{D1B3B7A7-0CDA-488A-9496-EC5FD97043CD}"
EndProject
Project("{FAE04EC0-301F-11D3-BF4B-00C04F79EFBC}") = "PassandoParametros", "PassandoParametros\PassandoParametros.csproj", "{1BC19A27-23C7-4D9D-A9D0-4DE1E07306C4}"
EndProject
Project("{FAE04EC0-301F-11D3-BF4B-00C04F79EFBC}") = "Construtor", "Construtor\Construtor.csproj", "{DB4F7AC9-A699-4438-ABFE-4303D47373A7}"
EndProject
Project("{FAE04EC0-301F-11D3-BF4B-00C04F79EFBC}") = "PalavraThis", "PalavraThis\PalavraThis.csproj", "{5CB08381-B83F-42AF-B93F-944DA94589D8}"
EndProject
Project("{FAE04EC0-301F-11D3-BF4B-00C04F79EFBC}") = "01.Exercicio", "01.Exercicio\01.Exercicio.csproj", "{2316AB62-0316-4A34-81EC-1455A617A3BB}"
EndProject
Project("{FAE04EC0-301F-11D3-BF4B-00C04F79EFBC}") = "MetodosComRetorno", "MetodosComRetorno\MetodosComRetorno.csproj", "{C06F6B31-6A07-4650-B55B-4961B9CCF858}"
EndProject
Project("{FAE04EC0-301F-11D3-BF4B-00C04F79EFBC}") = "02.Exercicio", "02.Exercicio\02.Exercicio.csproj", "{EDC0FFC7-F860-4160-AC88-926228B15D47}"
EndProject
Project("{FAE04EC0-301F-11D3-BF4B-00C04F79EFBC}") = "SobercargaDeMetodos", "SobercargaDeMetodos\SobercargaDeMetodos.csproj", "{C5260232-6D00-43AF-9080-7FE11AC00595}"
EndProject
Project("{FAE04EC0-301F-11D3-BF4B-00C04F79EFBC}") = "ExemploPratico-Metodos", "ExemploPratico-Metodos\ExemploPratico-Metodos.csproj", "{0DF5913E-FA6C-4D37-A245-F60A9D4BBBF1}"
EndProject
Project("{FAE04EC0-301F-11D3-BF4B-00C04F79EFBC}") = "PassagemDeArgumentosTipoValor", "PassagemDeArgumentosTipoValor\PassagemDeArgumentosTipoValor.csproj", "{D2B53BD1-3C1E-4FC3-B75D-88271403B48E}"
EndProject
Project("{FAE04EC0-301F-11D3-BF4B-00C04F79EFBC}") = "PassagemDeArgumentosPorReferencia-ref", "PassandoArgumentosPorReferencia\PassagemDeArgumentosPorReferencia-ref.csproj", "{88C8A144-FC55-4AFF-9433-526E2B0B2F65}"
EndProject
Project("{FAE04EC0-301F-11D3-BF4B-00C04F79EFBC}") = "03.Exercicio", "03.Exercicio\03.Exercicio.csproj", "{124B7A4E-1F31-4A34-9EFF-B532EE25E502}"
EndProject
Project("{FAE04EC0-301F-11D3-BF4B-00C04F79EFBC}") = "PassagemDeArgumentosPorReferencia-out", "PassagemDeArgumentosPorReferencia-out\PassagemDeArgumentosPorReferencia-out.csproj", "{CDC45768-31DA-4F88-9BEB-D08C1FAB5586}"
EndProject
Project("{FAE04EC0-301F-11D3-BF4B-00C04F79EFBC}") = "04.Exercicio", "04.Exercicio\04.Exercicio.csproj", "{106B2EA8-6BE6-4971-94E8-DA1DF8C40A91}"
EndProject
Project("{FAE04EC0-301F-11D3-BF4B-00C04F79EFBC}") = "ArgumentosNomeados", "ArgumentosNomeados\ArgumentosNomeados.csproj", "{5F1F4FAC-C1E3-4144-A020-7017D2D02263}"
EndProject
Project("{FAE04EC0-301F-11D3-BF4B-00C04F79EFBC}") = "ParametrosOpcionais", "ParametrosOpcionais\ParametrosOpcionais.csproj", "{FF86AA1E-BD8C-4E7A-991B-E58F366458F6}"
EndProject
Project("{FAE04EC0-301F-11D3-BF4B-00C04F79EFBC}") = "05.Exercicio", "05.Exercicio\05.Exercicio.csproj", "{5BE7D0CD-5FE7-4812-B422-179B2BE0A547}"
EndProject
Project("{FAE04EC0-301F-11D3-BF4B-00C04F79EFBC}") = "MetodosEstaticos", "MetodosEstaticos\MetodosEstaticos.csproj", "{C89F8C1E-1226-4DE0-A96E-CA69BA72D88D}"
EndProject
Project("{FAE04EC0-301F-11D3-BF4B-00C04F79EFBC}") = "CamposEstaticos", "CamposEstaticos\CamposEstaticos.csproj", "{B3C652B7-AE6F-48FA-BDD2-0AB31E879E3E}"
EndProject
Project("{FAE04EC0-301F-11D3-BF4B-00C04F79EFBC}") = "06.Exercicio", "06.Exercicio\06.Exercicio.csproj", "{301BF25D-8247-40E8-8814-45971A362E5E}"
EndProject
Project("{FAE04EC0-301F-11D3-BF4B-00C04F79EFBC}") = "ConstrutorEstatico", "ConstrutorEstatico\ConstrutorEstatico.csproj", "{2A886613-4754-42AF-A993-CBC311E956DA}"
EndProject
Project("{FAE04EC0-301F-11D3-BF4B-00C04F79EFBC}") = "Propriedades", "Propriedades\Propriedades.csproj", "{DA8EA8C9-4749-4A8C-A893-6C95EC063FA1}"
EndProject
Global
	GlobalSection(SolutionConfigurationPlatforms) = preSolution
		Debug|Any CPU = Debug|Any CPU
		Release|Any CPU = Release|Any CPU
	EndGlobalSection
	GlobalSection(ProjectConfigurationPlatforms) = postSolution
		{F77770E3-1D88-4C2B-9A0F-45F9E105457F}.Debug|Any CPU.ActiveCfg = Debug|Any CPU
		{F77770E3-1D88-4C2B-9A0F-45F9E105457F}.Debug|Any CPU.Build.0 = Debug|Any CPU
		{F77770E3-1D88-4C2B-9A0F-45F9E105457F}.Release|Any CPU.ActiveCfg = Release|Any CPU
		{F77770E3-1D88-4C2B-9A0F-45F9E105457F}.Release|Any CPU.Build.0 = Release|Any CPU
		{3C1A9D7F-3ECA-4F9B-BBAB-B4427A4A798B}.Debug|Any CPU.ActiveCfg = Debug|Any CPU
		{3C1A9D7F-3ECA-4F9B-BBAB-B4427A4A798B}.Debug|Any CPU.Build.0 = Debug|Any CPU
		{3C1A9D7F-3ECA-4F9B-BBAB-B4427A4A798B}.Release|Any CPU.ActiveCfg = Release|Any CPU
		{3C1A9D7F-3ECA-4F9B-BBAB-B4427A4A798B}.Release|Any CPU.Build.0 = Release|Any CPU
		{D1B3B7A7-0CDA-488A-9496-EC5FD97043CD}.Debug|Any CPU.ActiveCfg = Debug|Any CPU
		{D1B3B7A7-0CDA-488A-9496-EC5FD97043CD}.Debug|Any CPU.Build.0 = Debug|Any CPU
		{D1B3B7A7-0CDA-488A-9496-EC5FD97043CD}.Release|Any CPU.ActiveCfg = Release|Any CPU
		{D1B3B7A7-0CDA-488A-9496-EC5FD97043CD}.Release|Any CPU.Build.0 = Release|Any CPU
		{1BC19A27-23C7-4D9D-A9D0-4DE1E07306C4}.Debug|Any CPU.ActiveCfg = Debug|Any CPU
		{1BC19A27-23C7-4D9D-A9D0-4DE1E07306C4}.Debug|Any CPU.Build.0 = Debug|Any CPU
		{1BC19A27-23C7-4D9D-A9D0-4DE1E07306C4}.Release|Any CPU.ActiveCfg = Release|Any CPU
		{1BC19A27-23C7-4D9D-A9D0-4DE1E07306C4}.Release|Any CPU.Build.0 = Release|Any CPU
		{DB4F7AC9-A699-4438-ABFE-4303D47373A7}.Debug|Any CPU.ActiveCfg = Debug|Any CPU
		{DB4F7AC9-A699-4438-ABFE-4303D47373A7}.Debug|Any CPU.Build.0 = Debug|Any CPU
		{DB4F7AC9-A699-4438-ABFE-4303D47373A7}.Release|Any CPU.ActiveCfg = Release|Any CPU
		{DB4F7AC9-A699-4438-ABFE-4303D47373A7}.Release|Any CPU.Build.0 = Release|Any CPU
		{5CB08381-B83F-42AF-B93F-944DA94589D8}.Debug|Any CPU.ActiveCfg = Debug|Any CPU
		{5CB08381-B83F-42AF-B93F-944DA94589D8}.Debug|Any CPU.Build.0 = Debug|Any CPU
		{5CB08381-B83F-42AF-B93F-944DA94589D8}.Release|Any CPU.ActiveCfg = Release|Any CPU
		{5CB08381-B83F-42AF-B93F-944DA94589D8}.Release|Any CPU.Build.0 = Release|Any CPU
		{2316AB62-0316-4A34-81EC-1455A617A3BB}.Debug|Any CPU.ActiveCfg = Debug|Any CPU
		{2316AB62-0316-4A34-81EC-1455A617A3BB}.Debug|Any CPU.Build.0 = Debug|Any CPU
		{2316AB62-0316-4A34-81EC-1455A617A3BB}.Release|Any CPU.ActiveCfg = Release|Any CPU
		{2316AB62-0316-4A34-81EC-1455A617A3BB}.Release|Any CPU.Build.0 = Release|Any CPU
		{C06F6B31-6A07-4650-B55B-4961B9CCF858}.Debug|Any CPU.ActiveCfg = Debug|Any CPU
		{C06F6B31-6A07-4650-B55B-4961B9CCF858}.Debug|Any CPU.Build.0 = Debug|Any CPU
		{C06F6B31-6A07-4650-B55B-4961B9CCF858}.Release|Any CPU.ActiveCfg = Release|Any CPU
		{C06F6B31-6A07-4650-B55B-4961B9CCF858}.Release|Any CPU.Build.0 = Release|Any CPU
		{EDC0FFC7-F860-4160-AC88-926228B15D47}.Debug|Any CPU.ActiveCfg = Debug|Any CPU
		{EDC0FFC7-F860-4160-AC88-926228B15D47}.Debug|Any CPU.Build.0 = Debug|Any CPU
		{EDC0FFC7-F860-4160-AC88-926228B15D47}.Release|Any CPU.ActiveCfg = Release|Any CPU
		{EDC0FFC7-F860-4160-AC88-926228B15D47}.Release|Any CPU.Build.0 = Release|Any CPU
		{C5260232-6D00-43AF-9080-7FE11AC00595}.Debug|Any CPU.ActiveCfg = Debug|Any CPU
		{C5260232-6D00-43AF-9080-7FE11AC00595}.Debug|Any CPU.Build.0 = Debug|Any CPU
		{C5260232-6D00-43AF-9080-7FE11AC00595}.Release|Any CPU.ActiveCfg = Release|Any CPU
		{C5260232-6D00-43AF-9080-7FE11AC00595}.Release|Any CPU.Build.0 = Release|Any CPU
		{0DF5913E-FA6C-4D37-A245-F60A9D4BBBF1}.Debug|Any CPU.ActiveCfg = Debug|Any CPU
		{0DF5913E-FA6C-4D37-A245-F60A9D4BBBF1}.Debug|Any CPU.Build.0 = Debug|Any CPU
		{0DF5913E-FA6C-4D37-A245-F60A9D4BBBF1}.Release|Any CPU.ActiveCfg = Release|Any CPU
		{0DF5913E-FA6C-4D37-A245-F60A9D4BBBF1}.Release|Any CPU.Build.0 = Release|Any CPU
		{D2B53BD1-3C1E-4FC3-B75D-88271403B48E}.Debug|Any CPU.ActiveCfg = Debug|Any CPU
		{D2B53BD1-3C1E-4FC3-B75D-88271403B48E}.Debug|Any CPU.Build.0 = Debug|Any CPU
		{D2B53BD1-3C1E-4FC3-B75D-88271403B48E}.Release|Any CPU.ActiveCfg = Release|Any CPU
		{D2B53BD1-3C1E-4FC3-B75D-88271403B48E}.Release|Any CPU.Build.0 = Release|Any CPU
		{88C8A144-FC55-4AFF-9433-526E2B0B2F65}.Debug|Any CPU.ActiveCfg = Debug|Any CPU
		{88C8A144-FC55-4AFF-9433-526E2B0B2F65}.Debug|Any CPU.Build.0 = Debug|Any CPU
		{88C8A144-FC55-4AFF-9433-526E2B0B2F65}.Release|Any CPU.ActiveCfg = Release|Any CPU
		{88C8A144-FC55-4AFF-9433-526E2B0B2F65}.Release|Any CPU.Build.0 = Release|Any CPU
		{124B7A4E-1F31-4A34-9EFF-B532EE25E502}.Debug|Any CPU.ActiveCfg = Debug|Any CPU
		{124B7A4E-1F31-4A34-9EFF-B532EE25E502}.Debug|Any CPU.Build.0 = Debug|Any CPU
		{124B7A4E-1F31-4A34-9EFF-B532EE25E502}.Release|Any CPU.ActiveCfg = Release|Any CPU
		{124B7A4E-1F31-4A34-9EFF-B532EE25E502}.Release|Any CPU.Build.0 = Release|Any CPU
		{CDC45768-31DA-4F88-9BEB-D08C1FAB5586}.Debug|Any CPU.ActiveCfg = Debug|Any CPU
		{CDC45768-31DA-4F88-9BEB-D08C1FAB5586}.Debug|Any CPU.Build.0 = Debug|Any CPU
		{CDC45768-31DA-4F88-9BEB-D08C1FAB5586}.Release|Any CPU.ActiveCfg = Release|Any CPU
		{CDC45768-31DA-4F88-9BEB-D08C1FAB5586}.Release|Any CPU.Build.0 = Release|Any CPU
		{106B2EA8-6BE6-4971-94E8-DA1DF8C40A91}.Debug|Any CPU.ActiveCfg = Debug|Any CPU
		{106B2EA8-6BE6-4971-94E8-DA1DF8C40A91}.Debug|Any CPU.Build.0 = Debug|Any CPU
		{106B2EA8-6BE6-4971-94E8-DA1DF8C40A91}.Release|Any CPU.ActiveCfg = Release|Any CPU
		{106B2EA8-6BE6-4971-94E8-DA1DF8C40A91}.Release|Any CPU.Build.0 = Release|Any CPU
		{5F1F4FAC-C1E3-4144-A020-7017D2D02263}.Debug|Any CPU.ActiveCfg = Debug|Any CPU
		{5F1F4FAC-C1E3-4144-A020-7017D2D02263}.Debug|Any CPU.Build.0 = Debug|Any CPU
		{5F1F4FAC-C1E3-4144-A020-7017D2D02263}.Release|Any CPU.ActiveCfg = Release|Any CPU
		{5F1F4FAC-C1E3-4144-A020-7017D2D02263}.Release|Any CPU.Build.0 = Release|Any CPU
		{FF86AA1E-BD8C-4E7A-991B-E58F366458F6}.Debug|Any CPU.ActiveCfg = Debug|Any CPU
		{FF86AA1E-BD8C-4E7A-991B-E58F366458F6}.Debug|Any CPU.Build.0 = Debug|Any CPU
		{FF86AA1E-BD8C-4E7A-991B-E58F366458F6}.Release|Any CPU.ActiveCfg = Release|Any CPU
		{FF86AA1E-BD8C-4E7A-991B-E58F366458F6}.Release|Any CPU.Build.0 = Release|Any CPU
		{5BE7D0CD-5FE7-4812-B422-179B2BE0A547}.Debug|Any CPU.ActiveCfg = Debug|Any CPU
		{5BE7D0CD-5FE7-4812-B422-179B2BE0A547}.Debug|Any CPU.Build.0 = Debug|Any CPU
		{5BE7D0CD-5FE7-4812-B422-179B2BE0A547}.Release|Any CPU.ActiveCfg = Release|Any CPU
		{5BE7D0CD-5FE7-4812-B422-179B2BE0A547}.Release|Any CPU.Build.0 = Release|Any CPU
		{C89F8C1E-1226-4DE0-A96E-CA69BA72D88D}.Debug|Any CPU.ActiveCfg = Debug|Any CPU
		{C89F8C1E-1226-4DE0-A96E-CA69BA72D88D}.Debug|Any CPU.Build.0 = Debug|Any CPU
		{C89F8C1E-1226-4DE0-A96E-CA69BA72D88D}.Release|Any CPU.ActiveCfg = Release|Any CPU
		{C89F8C1E-1226-4DE0-A96E-CA69BA72D88D}.Release|Any CPU.Build.0 = Release|Any CPU
		{B3C652B7-AE6F-48FA-BDD2-0AB31E879E3E}.Debug|Any CPU.ActiveCfg = Debug|Any CPU
		{B3C652B7-AE6F-48FA-BDD2-0AB31E879E3E}.Debug|Any CPU.Build.0 = Debug|Any CPU
		{B3C652B7-AE6F-48FA-BDD2-0AB31E879E3E}.Release|Any CPU.ActiveCfg = Release|Any CPU
		{B3C652B7-AE6F-48FA-BDD2-0AB31E879E3E}.Release|Any CPU.Build.0 = Release|Any CPU
		{301BF25D-8247-40E8-8814-45971A362E5E}.Debug|Any CPU.ActiveCfg = Debug|Any CPU
		{301BF25D-8247-40E8-8814-45971A362E5E}.Debug|Any CPU.Build.0 = Debug|Any CPU
		{301BF25D-8247-40E8-8814-45971A362E5E}.Release|Any CPU.ActiveCfg = Release|Any CPU
		{301BF25D-8247-40E8-8814-45971A362E5E}.Release|Any CPU.Build.0 = Release|Any CPU
		{2A886613-4754-42AF-A993-CBC311E956DA}.Debug|Any CPU.ActiveCfg = Debug|Any CPU
		{2A886613-4754-42AF-A993-CBC311E956DA}.Debug|Any CPU.Build.0 = Debug|Any CPU
		{2A886613-4754-42AF-A993-CBC311E956DA}.Release|Any CPU.ActiveCfg = Release|Any CPU
		{2A886613-4754-42AF-A993-CBC311E956DA}.Release|Any CPU.Build.0 = Release|Any CPU
		{DA8EA8C9-4749-4A8C-A893-6C95EC063FA1}.Debug|Any CPU.ActiveCfg = Debug|Any CPU
		{DA8EA8C9-4749-4A8C-A893-6C95EC063FA1}.Debug|Any CPU.Build.0 = Debug|Any CPU
		{DA8EA8C9-4749-4A8C-A893-6C95EC063FA1}.Release|Any CPU.ActiveCfg = Release|Any CPU
		{DA8EA8C9-4749-4A8C-A893-6C95EC063FA1}.Release|Any CPU.Build.0 = Release|Any CPU
	EndGlobalSection
	GlobalSection(SolutionProperties) = preSolution
		HideSolutionNode = FALSE
	EndGlobalSection
EndGlobal
