
Microsoft Visual Studio Solution File, Format Version 12.00
# Visual Studio Version 17
VisualStudioVersion = 17.13.35825.156
MinimumVisualStudioVersion = 10.0.40219.1
Project("{FAE04EC0-301F-11D3-BF4B-00C04F79EFBC}") = "Delegates", "Delegates\Delegates.csproj", "{E320E59D-8C04-488E-917E-FB34FB1EBB48}"
EndProject
Project("{FAE04EC0-301F-11D3-BF4B-00C04F79EFBC}") = "Delegate Multicast", "Delegate Multicast\Delegate Multicast.csproj", "{0849015C-0FE1-4155-B18D-0E5A4E0F7998}"
EndProject
Project("{FAE04EC0-301F-11D3-BF4B-00C04F79EFBC}") = "Metodos Anonimos", "Metodos Anonimos\Metodos Anonimos.csproj", "{22285178-EE56-46FE-AE29-246712AB4D9F}"
EndProject
Project("{FAE04EC0-301F-11D3-BF4B-00C04F79EFBC}") = "Expressoes Lambdas", "Expressoes Lambdas\Expressoes Lambdas.csproj", "{8E109A06-7542-4F29-A1F1-96ADCF2EBC86}"
EndProject
Project("{FAE04EC0-301F-11D3-BF4B-00C04F79EFBC}") = "Delegates - Predicate", "Delegates Predicate\Delegates - Predicate.csproj", "{ADAF9AFA-6478-47E3-923E-166108B72D9A}"
EndProject
Project("{FAE04EC0-301F-11D3-BF4B-00C04F79EFBC}") = "Delegates - Action", "Delegates - Action\Delegates - Action.csproj", "{EA29D559-0165-4430-B7AE-446D6733B802}"
EndProject
Project("{FAE04EC0-301F-11D3-BF4B-00C04F79EFBC}") = "Delegates - Function", "Delegates - Function\Delegates - Function.csproj", "{DF84DFF6-904E-4A90-B986-F3FB4E212E2B}"
EndProject
Project("{FAE04EC0-301F-11D3-BF4B-00C04F79EFBC}") = "Delegates - Exemplo", "Delegates - Exemplo\Delegates - Exemplo.csproj", "{49629BE4-CA2E-472D-8962-91DE8E98A058}"
EndProject
Project("{FAE04EC0-301F-11D3-BF4B-00C04F79EFBC}") = "Eventos", "Eventos\Eventos.csproj", "{A2198B29-4737-4872-9704-155A81FD5C50}"
EndProject
Project("{FAE04EC0-301F-11D3-BF4B-00C04F79EFBC}") = "Event Handler", "Event Handler\Event Handler.csproj", "{5359187C-F1D4-4CE1-A251-F9761CA6F161}"
EndProject
Global
	GlobalSection(SolutionConfigurationPlatforms) = preSolution
		Debug|Any CPU = Debug|Any CPU
		Release|Any CPU = Release|Any CPU
	EndGlobalSection
	GlobalSection(ProjectConfigurationPlatforms) = postSolution
		{E320E59D-8C04-488E-917E-FB34FB1EBB48}.Debug|Any CPU.ActiveCfg = Debug|Any CPU
		{E320E59D-8C04-488E-917E-FB34FB1EBB48}.Debug|Any CPU.Build.0 = Debug|Any CPU
		{E320E59D-8C04-488E-917E-FB34FB1EBB48}.Release|Any CPU.ActiveCfg = Release|Any CPU
		{E320E59D-8C04-488E-917E-FB34FB1EBB48}.Release|Any CPU.Build.0 = Release|Any CPU
		{0849015C-0FE1-4155-B18D-0E5A4E0F7998}.Debug|Any CPU.ActiveCfg = Debug|Any CPU
		{0849015C-0FE1-4155-B18D-0E5A4E0F7998}.Debug|Any CPU.Build.0 = Debug|Any CPU
		{0849015C-0FE1-4155-B18D-0E5A4E0F7998}.Release|Any CPU.ActiveCfg = Release|Any CPU
		{0849015C-0FE1-4155-B18D-0E5A4E0F7998}.Release|Any CPU.Build.0 = Release|Any CPU
		{22285178-EE56-46FE-AE29-246712AB4D9F}.Debug|Any CPU.ActiveCfg = Debug|Any CPU
		{22285178-EE56-46FE-AE29-246712AB4D9F}.Debug|Any CPU.Build.0 = Debug|Any CPU
		{22285178-EE56-46FE-AE29-246712AB4D9F}.Release|Any CPU.ActiveCfg = Release|Any CPU
		{22285178-EE56-46FE-AE29-246712AB4D9F}.Release|Any CPU.Build.0 = Release|Any CPU
		{8E109A06-7542-4F29-A1F1-96ADCF2EBC86}.Debug|Any CPU.ActiveCfg = Debug|Any CPU
		{8E109A06-7542-4F29-A1F1-96ADCF2EBC86}.Debug|Any CPU.Build.0 = Debug|Any CPU
		{8E109A06-7542-4F29-A1F1-96ADCF2EBC86}.Release|Any CPU.ActiveCfg = Release|Any CPU
		{8E109A06-7542-4F29-A1F1-96ADCF2EBC86}.Release|Any CPU.Build.0 = Release|Any CPU
		{ADAF9AFA-6478-47E3-923E-166108B72D9A}.Debug|Any CPU.ActiveCfg = Debug|Any CPU
		{ADAF9AFA-6478-47E3-923E-166108B72D9A}.Debug|Any CPU.Build.0 = Debug|Any CPU
		{ADAF9AFA-6478-47E3-923E-166108B72D9A}.Release|Any CPU.ActiveCfg = Release|Any CPU
		{ADAF9AFA-6478-47E3-923E-166108B72D9A}.Release|Any CPU.Build.0 = Release|Any CPU
		{EA29D559-0165-4430-B7AE-446D6733B802}.Debug|Any CPU.ActiveCfg = Debug|Any CPU
		{EA29D559-0165-4430-B7AE-446D6733B802}.Debug|Any CPU.Build.0 = Debug|Any CPU
		{EA29D559-0165-4430-B7AE-446D6733B802}.Release|Any CPU.ActiveCfg = Release|Any CPU
		{EA29D559-0165-4430-B7AE-446D6733B802}.Release|Any CPU.Build.0 = Release|Any CPU
		{DF84DFF6-904E-4A90-B986-F3FB4E212E2B}.Debug|Any CPU.ActiveCfg = Debug|Any CPU
		{DF84DFF6-904E-4A90-B986-F3FB4E212E2B}.Debug|Any CPU.Build.0 = Debug|Any CPU
		{DF84DFF6-904E-4A90-B986-F3FB4E212E2B}.Release|Any CPU.ActiveCfg = Release|Any CPU
		{DF84DFF6-904E-4A90-B986-F3FB4E212E2B}.Release|Any CPU.Build.0 = Release|Any CPU
		{49629BE4-CA2E-472D-8962-91DE8E98A058}.Debug|Any CPU.ActiveCfg = Debug|Any CPU
		{49629BE4-CA2E-472D-8962-91DE8E98A058}.Debug|Any CPU.Build.0 = Debug|Any CPU
		{49629BE4-CA2E-472D-8962-91DE8E98A058}.Release|Any CPU.ActiveCfg = Release|Any CPU
		{49629BE4-CA2E-472D-8962-91DE8E98A058}.Release|Any CPU.Build.0 = Release|Any CPU
		{A2198B29-4737-4872-9704-155A81FD5C50}.Debug|Any CPU.ActiveCfg = Debug|Any CPU
		{A2198B29-4737-4872-9704-155A81FD5C50}.Debug|Any CPU.Build.0 = Debug|Any CPU
		{A2198B29-4737-4872-9704-155A81FD5C50}.Release|Any CPU.ActiveCfg = Release|Any CPU
		{A2198B29-4737-4872-9704-155A81FD5C50}.Release|Any CPU.Build.0 = Release|Any CPU
		{5359187C-F1D4-4CE1-A251-F9761CA6F161}.Debug|Any CPU.ActiveCfg = Debug|Any CPU
		{5359187C-F1D4-4CE1-A251-F9761CA6F161}.Debug|Any CPU.Build.0 = Debug|Any CPU
		{5359187C-F1D4-4CE1-A251-F9761CA6F161}.Release|Any CPU.ActiveCfg = Release|Any CPU
		{5359187C-F1D4-4CE1-A251-F9761CA6F161}.Release|Any CPU.Build.0 = Release|Any CPU
	EndGlobalSection
	GlobalSection(SolutionProperties) = preSolution
		HideSolutionNode = FALSE
	EndGlobalSection
	GlobalSection(ExtensibilityGlobals) = postSolution
		SolutionGuid = {74C0430B-9D56-43A5-9B58-296EE6810F00}
	EndGlobalSection
EndGlobal
