
Microsoft Visual Studio Solution File, Format Version 12.00
# Visual Studio Version 17
VisualStudioVersion = 17.13.35806.99 d17.13
MinimumVisualStudioVersion = 10.0.40219.1
Project("{FAE04EC0-301F-11D3-BF4B-00C04F79EFBC}") = "POO", "POO\POO.csproj", "{C973351F-DD90-43F6-9C2F-B82221E38FB3}"
EndProject
Global
	GlobalSection(SolutionConfigurationPlatforms) = preSolution
		Debug|Any CPU = Debug|Any CPU
		Release|Any CPU = Release|Any CPU
	EndGlobalSection
	GlobalSection(ProjectConfigurationPlatforms) = postSolution
		{C973351F-DD90-43F6-9C2F-B82221E38FB3}.Debug|Any CPU.ActiveCfg = Debug|Any CPU
		{C973351F-DD90-43F6-9C2F-B82221E38FB3}.Debug|Any CPU.Build.0 = Debug|Any CPU
		{C973351F-DD90-43F6-9C2F-B82221E38FB3}.Release|Any CPU.ActiveCfg = Release|Any CPU
		{C973351F-DD90-43F6-9C2F-B82221E38FB3}.Release|Any CPU.Build.0 = Release|Any CPU
	EndGlobalSection
	GlobalSection(SolutionProperties) = preSolution
		HideSolutionNode = FALSE
	EndGlobalSection
	GlobalSection(ExtensibilityGlobals) = postSolution
		SolutionGuid = {6DBD5368-3680-45F7-8DD6-D31F5DF347E1}
	EndGlobalSection
EndGlobal
