
Microsoft Visual Studio Solution File, Format Version 12.00
# Visual Studio Version 17
VisualStudioVersion = 17.13.35806.99
MinimumVisualStudioVersion = 10.0.40219.1
Project("{FAE04EC0-301F-11D3-BF4B-00C04F79EFBC}") = "Heranca - Conceito e Sintaxe", "Heranca - Conceito e Sintaxe\Heranca - Conceito e Sintaxe.csproj", "{B0323EB2-0491-4824-8829-C5C15333049E}"
EndProject
Project("{FAE04EC0-301F-11D3-BF4B-00C04F79EFBC}") = "Heranca - Comportamentos", "Heranca - Comportamentos\Heranca - Comportamentos.csproj", "{53904897-8D56-40A0-A44F-91DAF5E0AB44}"
EndProject
Project("{FAE04EC0-301F-11D3-BF4B-00C04F79EFBC}") = "Heranca - Construtores", "Heranca - Construtores\Heranca - Construtores.csproj", "{F879AD68-9A27-4E81-B33B-56DD807F19F6}"
EndProject
Project("{FAE04EC0-301F-11D3-BF4B-00C04F79EFBC}") = "Heranca - Classe Object", "Heranca - Classe Object\Heranca - Classe Object.csproj", "{A865DEEF-9B48-4F0B-8C1B-921034E6C9C8}"
EndProject
Project("{FAE04EC0-301F-11D3-BF4B-00C04F79EFBC}") = "Heranca - New", "Heranca - New\Heranca - New.csproj", "{017A5020-A54B-4EAD-9EC7-D4DF4FA1EF7B}"
EndProject
Project("{FAE04EC0-301F-11D3-BF4B-00C04F79EFBC}") = "Heranca - Virtual e Override", "Heranca - Virtual e Override\Heranca - Virtual e Override.csproj", "{CE4E82BE-A108-4D6F-8002-929EF4F8FAF7}"
EndProject
Project("{FAE04EC0-301F-11D3-BF4B-00C04F79EFBC}") = "Modificador Sealed", "Modificador Sealed\Modificador Sealed.csproj", "{E2785C17-26F1-49C2-ABE9-12E84E2AD1D3}"
EndProject
Project("{FAE04EC0-301F-11D3-BF4B-00C04F79EFBC}") = "Exercicio - Heranca", "Exercicio - Heranca\Exercicio - Heranca.csproj", "{D0A97ECA-9D5A-4DFE-9102-5D3F1D469E95}"
EndProject
Project("{FAE04EC0-301F-11D3-BF4B-00C04F79EFBC}") = "Heranca -  Tipos", "Heranca -  Tipos\Heranca -  Tipos.csproj", "{320CCCF1-6084-406C-8754-1FC1F130813A}"
EndProject
Project("{FAE04EC0-301F-11D3-BF4B-00C04F79EFBC}") = "Heranca - Downcasting e Upcasting", "Heranca - Downcasting e Upcasting\Heranca - Downcasting e Upcasting.csproj", "{BF85878E-9A53-41D7-9966-663EB3A0120C}"
EndProject
Global
	GlobalSection(SolutionConfigurationPlatforms) = preSolution
		Debug|Any CPU = Debug|Any CPU
		Release|Any CPU = Release|Any CPU
	EndGlobalSection
	GlobalSection(ProjectConfigurationPlatforms) = postSolution
		{B0323EB2-0491-4824-8829-C5C15333049E}.Debug|Any CPU.ActiveCfg = Debug|Any CPU
		{B0323EB2-0491-4824-8829-C5C15333049E}.Debug|Any CPU.Build.0 = Debug|Any CPU
		{B0323EB2-0491-4824-8829-C5C15333049E}.Release|Any CPU.ActiveCfg = Release|Any CPU
		{B0323EB2-0491-4824-8829-C5C15333049E}.Release|Any CPU.Build.0 = Release|Any CPU
		{53904897-8D56-40A0-A44F-91DAF5E0AB44}.Debug|Any CPU.ActiveCfg = Debug|Any CPU
		{53904897-8D56-40A0-A44F-91DAF5E0AB44}.Debug|Any CPU.Build.0 = Debug|Any CPU
		{53904897-8D56-40A0-A44F-91DAF5E0AB44}.Release|Any CPU.ActiveCfg = Release|Any CPU
		{53904897-8D56-40A0-A44F-91DAF5E0AB44}.Release|Any CPU.Build.0 = Release|Any CPU
		{F879AD68-9A27-4E81-B33B-56DD807F19F6}.Debug|Any CPU.ActiveCfg = Debug|Any CPU
		{F879AD68-9A27-4E81-B33B-56DD807F19F6}.Debug|Any CPU.Build.0 = Debug|Any CPU
		{F879AD68-9A27-4E81-B33B-56DD807F19F6}.Release|Any CPU.ActiveCfg = Release|Any CPU
		{F879AD68-9A27-4E81-B33B-56DD807F19F6}.Release|Any CPU.Build.0 = Release|Any CPU
		{A865DEEF-9B48-4F0B-8C1B-921034E6C9C8}.Debug|Any CPU.ActiveCfg = Debug|Any CPU
		{A865DEEF-9B48-4F0B-8C1B-921034E6C9C8}.Debug|Any CPU.Build.0 = Debug|Any CPU
		{A865DEEF-9B48-4F0B-8C1B-921034E6C9C8}.Release|Any CPU.ActiveCfg = Release|Any CPU
		{A865DEEF-9B48-4F0B-8C1B-921034E6C9C8}.Release|Any CPU.Build.0 = Release|Any CPU
		{017A5020-A54B-4EAD-9EC7-D4DF4FA1EF7B}.Debug|Any CPU.ActiveCfg = Debug|Any CPU
		{017A5020-A54B-4EAD-9EC7-D4DF4FA1EF7B}.Debug|Any CPU.Build.0 = Debug|Any CPU
		{017A5020-A54B-4EAD-9EC7-D4DF4FA1EF7B}.Release|Any CPU.ActiveCfg = Release|Any CPU
		{017A5020-A54B-4EAD-9EC7-D4DF4FA1EF7B}.Release|Any CPU.Build.0 = Release|Any CPU
		{CE4E82BE-A108-4D6F-8002-929EF4F8FAF7}.Debug|Any CPU.ActiveCfg = Debug|Any CPU
		{CE4E82BE-A108-4D6F-8002-929EF4F8FAF7}.Debug|Any CPU.Build.0 = Debug|Any CPU
		{CE4E82BE-A108-4D6F-8002-929EF4F8FAF7}.Release|Any CPU.ActiveCfg = Release|Any CPU
		{CE4E82BE-A108-4D6F-8002-929EF4F8FAF7}.Release|Any CPU.Build.0 = Release|Any CPU
		{E2785C17-26F1-49C2-ABE9-12E84E2AD1D3}.Debug|Any CPU.ActiveCfg = Debug|Any CPU
		{E2785C17-26F1-49C2-ABE9-12E84E2AD1D3}.Debug|Any CPU.Build.0 = Debug|Any CPU
		{E2785C17-26F1-49C2-ABE9-12E84E2AD1D3}.Release|Any CPU.ActiveCfg = Release|Any CPU
		{E2785C17-26F1-49C2-ABE9-12E84E2AD1D3}.Release|Any CPU.Build.0 = Release|Any CPU
		{D0A97ECA-9D5A-4DFE-9102-5D3F1D469E95}.Debug|Any CPU.ActiveCfg = Debug|Any CPU
		{D0A97ECA-9D5A-4DFE-9102-5D3F1D469E95}.Debug|Any CPU.Build.0 = Debug|Any CPU
		{D0A97ECA-9D5A-4DFE-9102-5D3F1D469E95}.Release|Any CPU.ActiveCfg = Release|Any CPU
		{D0A97ECA-9D5A-4DFE-9102-5D3F1D469E95}.Release|Any CPU.Build.0 = Release|Any CPU
		{320CCCF1-6084-406C-8754-1FC1F130813A}.Debug|Any CPU.ActiveCfg = Debug|Any CPU
		{320CCCF1-6084-406C-8754-1FC1F130813A}.Debug|Any CPU.Build.0 = Debug|Any CPU
		{320CCCF1-6084-406C-8754-1FC1F130813A}.Release|Any CPU.ActiveCfg = Release|Any CPU
		{320CCCF1-6084-406C-8754-1FC1F130813A}.Release|Any CPU.Build.0 = Release|Any CPU
		{BF85878E-9A53-41D7-9966-663EB3A0120C}.Debug|Any CPU.ActiveCfg = Debug|Any CPU
		{BF85878E-9A53-41D7-9966-663EB3A0120C}.Debug|Any CPU.Build.0 = Debug|Any CPU
		{BF85878E-9A53-41D7-9966-663EB3A0120C}.Release|Any CPU.ActiveCfg = Release|Any CPU
		{BF85878E-9A53-41D7-9966-663EB3A0120C}.Release|Any CPU.Build.0 = Release|Any CPU
	EndGlobalSection
	GlobalSection(SolutionProperties) = preSolution
		HideSolutionNode = FALSE
	EndGlobalSection
	GlobalSection(ExtensibilityGlobals) = postSolution
		SolutionGuid = {6DBD5368-3680-45F7-8DD6-D31F5DF347E1}
	EndGlobalSection
EndGlobal
