
Microsoft Visual Studio Solution File, Format Version 12.00
# Visual Studio Version 17
VisualStudioVersion = 17.13.35825.156
MinimumVisualStudioVersion = 10.0.40219.1
Project("{FAE04EC0-301F-11D3-BF4B-00C04F79EFBC}") = "Serializacao Binaria", "..\Serializacao Binária\Serializacao Binaria.csproj", "{5E869BBC-253B-4181-856E-75802D9C0586}"
EndProject
Project("{FAE04EC0-301F-11D3-BF4B-00C04F79EFBC}") = "Serializacao XML", "..\Serializacao XML\Serializacao XML.csproj", "{CA20FC96-6E6F-41A4-9F44-DB185F7E9EF5}"
EndProject
Project("{FAE04EC0-301F-11D3-BF4B-00C04F79EFBC}") = "Deserializacao XML", "..\Deserializacao XML\Deserializacao XML.csproj", "{9E7A315B-5B22-4B12-B4A2-29488BE30BE5}"
EndProject
Global
	GlobalSection(SolutionConfigurationPlatforms) = preSolution
		Debug|Any CPU = Debug|Any CPU
		Release|Any CPU = Release|Any CPU
	EndGlobalSection
	GlobalSection(ProjectConfigurationPlatforms) = postSolution
		{5E869BBC-253B-4181-856E-75802D9C0586}.Debug|Any CPU.ActiveCfg = Debug|Any CPU
		{5E869BBC-253B-4181-856E-75802D9C0586}.Debug|Any CPU.Build.0 = Debug|Any CPU
		{5E869BBC-253B-4181-856E-75802D9C0586}.Release|Any CPU.ActiveCfg = Release|Any CPU
		{5E869BBC-253B-4181-856E-75802D9C0586}.Release|Any CPU.Build.0 = Release|Any CPU
		{CA20FC96-6E6F-41A4-9F44-DB185F7E9EF5}.Debug|Any CPU.ActiveCfg = Debug|Any CPU
		{CA20FC96-6E6F-41A4-9F44-DB185F7E9EF5}.Debug|Any CPU.Build.0 = Debug|Any CPU
		{CA20FC96-6E6F-41A4-9F44-DB185F7E9EF5}.Release|Any CPU.ActiveCfg = Release|Any CPU
		{CA20FC96-6E6F-41A4-9F44-DB185F7E9EF5}.Release|Any CPU.Build.0 = Release|Any CPU
		{9E7A315B-5B22-4B12-B4A2-29488BE30BE5}.Debug|Any CPU.ActiveCfg = Debug|Any CPU
		{9E7A315B-5B22-4B12-B4A2-29488BE30BE5}.Debug|Any CPU.Build.0 = Debug|Any CPU
		{9E7A315B-5B22-4B12-B4A2-29488BE30BE5}.Release|Any CPU.ActiveCfg = Release|Any CPU
		{9E7A315B-5B22-4B12-B4A2-29488BE30BE5}.Release|Any CPU.Build.0 = Release|Any CPU
	EndGlobalSection
	GlobalSection(SolutionProperties) = preSolution
		HideSolutionNode = FALSE
	EndGlobalSection
	GlobalSection(ExtensibilityGlobals) = postSolution
		SolutionGuid = {1C3DA0B4-3792-45A2-A328-FF5C1AB7BAC3}
	EndGlobalSection
EndGlobal
