
Microsoft Visual Studio Solution File, Format Version 12.00
# Visual Studio Version 17
VisualStudioVersion = 17.13.35825.156
MinimumVisualStudioVersion = 10.0.40219.1
Project("{FAE04EC0-301F-11D3-BF4B-00C04F79EFBC}") = "Tratamentos de Erros", "Tratamentos de Erros.csproj", "{0044D552-D311-4EB2-91B4-B0DE9A02B937}"
EndProject
Project("{FAE04EC0-301F-11D3-BF4B-00C04F79EFBC}") = "Bloco TryCatchFinally", "..\Bloco TryCatchFinally\Bloco TryCatchFinally.csproj", "{2EFA9AB2-1F32-4D01-B366-481E0FB1CACF}"
EndProject
Project("{FAE04EC0-301F-11D3-BF4B-00C04F79EFBC}") = "Lancamento de Excecoes - throw", "..\Lancamento de Excecoes - throw\Lancamento de Excecoes - throw.csproj", "{4CD9A3E5-1948-4874-B81B-EB52E4184CF9}"
EndProject
Global
	GlobalSection(SolutionConfigurationPlatforms) = preSolution
		Debug|Any CPU = Debug|Any CPU
		Release|Any CPU = Release|Any CPU
	EndGlobalSection
	GlobalSection(ProjectConfigurationPlatforms) = postSolution
		{0044D552-D311-4EB2-91B4-B0DE9A02B937}.Debug|Any CPU.ActiveCfg = Debug|Any CPU
		{0044D552-D311-4EB2-91B4-B0DE9A02B937}.Debug|Any CPU.Build.0 = Debug|Any CPU
		{0044D552-D311-4EB2-91B4-B0DE9A02B937}.Release|Any CPU.ActiveCfg = Release|Any CPU
		{0044D552-D311-4EB2-91B4-B0DE9A02B937}.Release|Any CPU.Build.0 = Release|Any CPU
		{2EFA9AB2-1F32-4D01-B366-481E0FB1CACF}.Debug|Any CPU.ActiveCfg = Debug|Any CPU
		{2EFA9AB2-1F32-4D01-B366-481E0FB1CACF}.Debug|Any CPU.Build.0 = Debug|Any CPU
		{2EFA9AB2-1F32-4D01-B366-481E0FB1CACF}.Release|Any CPU.ActiveCfg = Release|Any CPU
		{2EFA9AB2-1F32-4D01-B366-481E0FB1CACF}.Release|Any CPU.Build.0 = Release|Any CPU
		{4CD9A3E5-1948-4874-B81B-EB52E4184CF9}.Debug|Any CPU.ActiveCfg = Debug|Any CPU
		{4CD9A3E5-1948-4874-B81B-EB52E4184CF9}.Debug|Any CPU.Build.0 = Debug|Any CPU
		{4CD9A3E5-1948-4874-B81B-EB52E4184CF9}.Release|Any CPU.ActiveCfg = Release|Any CPU
		{4CD9A3E5-1948-4874-B81B-EB52E4184CF9}.Release|Any CPU.Build.0 = Release|Any CPU
	EndGlobalSection
	GlobalSection(SolutionProperties) = preSolution
		HideSolutionNode = FALSE
	EndGlobalSection
	GlobalSection(ExtensibilityGlobals) = postSolution
		SolutionGuid = {B1C7FDAA-74BE-42B4-879C-5279C8D767A9}
	EndGlobalSection
EndGlobal
